<?xml version="1.0" encoding="utf-8"?>
<Project ToolsVersion="4.0" xmlns="http://schemas.microsoft.com/developer/msbuild/2003">
  <ItemGroup>
    <ClCompile Include="pch.cpp" />
    <ClCompile Include="ReplacementDelegateTests.cpp">
      <Filter>Tests</Filter>
    </ClCompile>
    <ClCompile Include="AuditorTest.cpp">
      <Filter>Tests</Filter>
    </ClCompile>
    <ClCompile Include="WriteAccessDelegateTests.cpp">
      <Filter>Tests</Filter>
    </ClCompile>
    <ClCompile Include="ReadAccessDelegateTests.cpp">
      <Filter>Tests</Filter>
    </ClCompile>
    <ClCompile Include="EraseAccessDelegateTests.cpp">
      <Filter>Tests</Filter>
    </ClCompile>
  </ItemGroup>
  <ItemGroup>
    <ClInclude Include="pch.h" />
  </ItemGroup>
  <ItemGroup>
    <None Include="packages.config" />
  </ItemGroup>
  <ItemGroup>
    <Filter Include="Tests">
      <UniqueIdentifier>{099d36cc-26e2-4d0a-9d3e-b61123f8ead9}</UniqueIdentifier>
    </Filter>
  </ItemGroup>
</Project>